{
  "nodes": {
    "ccusage": {
      "inputs": {
        "crane": "crane",
        "litellm": "litellm",
        "nixpkgs": "nixpkgs",
        "rust-overlay": "rust-overlay"
      },
      "locked": {
        "lastModified": 1779379921,
        "narHash": "sha256-45SKqWomKsulFjdPsuxj8qJ2wsFO3vBimPYCi3cbgNs=",
        "owner": "ryoppippi",
        "repo": "ccusage",
        "rev": "973a53b8c755ccdd1c8d11f9d76fe4670a9c27d4",
        "type": "github"
      },
      "original": {
        "owner": "ryoppippi",
        "repo": "ccusage",
        "type": "github"
      }
    },
    "claude-launcher": {
      "inputs": {
        "nixpkgs": "nixpkgs_2"
      },
      "locked": {
        "lastModified": 1779268348,
        "narHash": "sha256-jhC/P66whmQml5NuQ/sN+FgbKqFbPPN0wD5e/KiXxzg=",
        "ref": "feature/nix",
        "rev": "a745c2487460211754ada31d92661c15551c8022",
        "revCount": 16,
        "type": "git",
        "url": "ssh://git@ghe.misosiru.io/seiki-makino/claude-launcher"
      },
      "original": {
        "ref": "feature/nix",
        "type": "git",
        "url": "ssh://git@ghe.misosiru.io/seiki-makino/claude-launcher"
      }
    },
    "crane": {
      "locked": {
        "lastModified": 1779130139,
        "narHash": "sha256-BLrtr42azquO7MdGFU5a7KiMl3YpFlTeIXqy1fT5GlQ=",
        "owner": "ipetkov",
        "repo": "crane",
        "rev": "edb38893982a3338972bb4a2ec7ce7c29ba10fd9",
        "type": "github"
      },
      "original": {
        "owner": "ipetkov",
        "repo": "crane",
        "type": "github"
      }
    },
    "dotfiles-private": {
      "inputs": {
        "claude-launcher": "claude-launcher"
      },
      "locked": {
        "lastModified": 1779691938,
        "narHash": "sha256-PDkCuJyrLK/bVad8e6w6k00reZh5vmnStVb/4d6svMg=",
        "ref": "main",
        "rev": "156e29e2244d6166984a15d35b1ca7260f7b6f14",
        "revCount": 32,
        "type": "git",
        "url": "ssh://git@github.com/kino-ma/dotfiles-private"
      },
      "original": {
        "ref": "main",
        "type": "git",
        "url": "ssh://git@github.com/kino-ma/dotfiles-private"
      }
    },
    "home-manager": {
      "inputs": {
        "nixpkgs": [
          "nixpkgs"
        ]
      },
      "locked": {
        "lastModified": 1778905220,
        "narHash": "sha256-ox/5IHc8uwy6UTw6N7Shp6uCHIgu/S2PsWeuXsOHSo8=",
        "owner": "nix-community",
        "repo": "home-manager",
        "rev": "d1686dc7d36cbd1234cb226ad6ef97e882716acb",
        "type": "github"
      },
      "original": {
        "owner": "nix-community",
        "ref": "release-25.11",
        "repo": "home-manager",
        "type": "github"
      }
    },
    "litellm": {
      "flake": false,
      "locked": {
        "lastModified": 1779231723,
        "narHash": "sha256-0MG6NXwVytdRQIf+L+nV5T4GZfIDUCJNZPnIlVfCoq0=",
        "owner": "BerriAI",
        "repo": "litellm",
        "rev": "e59e34bed3670a6894d43129c2af16af28057d03",
        "type": "github"
      },
      "original": {
        "owner": "BerriAI",
        "repo": "litellm",
        "type": "github"
      }
    },
    "nix-darwin": {
      "inputs": {
        "nixpkgs": [
          "nixpkgs-darwin"
        ]
      },
      "locked": {
        "lastModified": 1772129556,
        "narHash": "sha256-Utk0zd8STPsUJPyjabhzPc5BpPodLTXrwkpXBHYnpeg=",
        "owner": "LnL7",
        "repo": "nix-darwin",
        "rev": "ebec37af18215214173c98cf6356d0aca24a2585",
        "type": "github"
      },
      "original": {
        "owner": "LnL7",
        "ref": "nix-darwin-25.11",
        "repo": "nix-darwin",
        "type": "github"
      }
    },
    "nixpkgs": {
      "locked": {
        "lastModified": 1778794387,
        "narHash": "sha256-BL04pOS9453Awkeb9f90XBJXBSkWxN+vB7HIgnL0iMM=",
        "owner": "NixOS",
        "repo": "nixpkgs",
        "rev": "8a1b0127302ea51e05bf4ea5a291743fac442406",
        "type": "github"
      },
      "original": {
        "owner": "NixOS",
        "ref": "nixpkgs-unstable",
        "repo": "nixpkgs",
        "type": "github"
      }
    },
    "nixpkgs-2505": {
      "locked": {
        "lastModified": 1748026580,
        "narHash": "sha256-rWtXrcIzU5wm/C8F9LWvUfBGu5U5E7cFzPYT1pHIJaQ=",
        "owner": "NixOS",
        "repo": "nixpkgs",
        "rev": "11cb3517b3af6af300dd6c055aeda73c9bf52c48",
        "type": "github"
      },
      "original": {
        "owner": "NixOS",
        "ref": "25.05",
        "repo": "nixpkgs",
        "type": "github"
      }
    },
    "nixpkgs-darwin": {
      "locked": {
        "lastModified": 1779283575,
        "narHash": "sha256-8Yi6xx63JyVixy58MBy1OTGH1zgawngOE/OejqKQSCo=",
        "owner": "NixOS",
        "repo": "nixpkgs",
        "rev": "45a1ddc2fb777171278e791fd43e772774f493d2",
        "type": "github"
      },
      "original": {
        "owner": "NixOS",
        "ref": "nixpkgs-25.11-darwin",
        "repo": "nixpkgs",
        "type": "github"
      }
    },
    "nixpkgs-unstable": {
      "locked": {
        "lastModified": 1779351318,
        "narHash": "sha256-f+JACbTqzZ+G92DSnXOUGRhGANb8Blh7CoeYOeBF8/U=",
        "owner": "NixOS",
        "repo": "nixpkgs",
        "rev": "4a29d733e8a7d5b824c3d8c958a946a9867b3eb2",
        "type": "github"
      },
      "original": {
        "owner": "NixOS",
        "ref": "nixpkgs-unstable",
        "repo": "nixpkgs",
        "type": "github"
      }
    },
    "nixpkgs_2": {
      "locked": {
        "lastModified": 1778869304,
        "narHash": "sha256-30sZNZoA1cqF5JNO9fVX+wgiQYjB7HJqqJ4ztCDeBZE=",
        "owner": "nixos",
        "repo": "nixpkgs",
        "rev": "d233902339c02a9c334e7e593de68855ad26c4cb",
        "type": "github"
      },
      "original": {
        "owner": "nixos",
        "ref": "nixos-unstable",
        "repo": "nixpkgs",
        "type": "github"
      }
    },
    "nixpkgs_3": {
      "locked": {
        "lastModified": 1764521362,
        "narHash": "sha256-M101xMtWdF1eSD0xhiR8nG8CXRlHmv6V+VoY65Smwf4=",
        "owner": "NixOS",
        "repo": "nixpkgs",
        "rev": "871b9fd269ff6246794583ce4ee1031e1da71895",
        "type": "github"
      },
      "original": {
        "owner": "NixOS",
        "ref": "25.11",
        "repo": "nixpkgs",
        "type": "github"
      }
    },
    "root": {
      "inputs": {
        "ccusage": "ccusage",
        "dotfiles-private": "dotfiles-private",
        "home-manager": "home-manager",
        "nix-darwin": "nix-darwin",
        "nixpkgs": "nixpkgs_3",
        "nixpkgs-2505": "nixpkgs-2505",
        "nixpkgs-darwin": "nixpkgs-darwin",
        "nixpkgs-unstable": "nixpkgs-unstable"
      }
    },
    "rust-overlay": {
      "inputs": {
        "nixpkgs": [
          "ccusage",
          "nixpkgs"
        ]
      },
      "locked": {
        "lastModified": 1778555852,
        "narHash": "sha256-55EmwooVAS4UpA0oWd5wilKPRqCiHD5BAej9QiNwheY=",
        "owner": "oxalica",
        "repo": "rust-overlay",
        "rev": "f29b0f7a9f367e0056b716f8aa137cb41e784444",
        "type": "github"
      },
      "original": {
        "owner": "oxalica",
        "repo": "rust-overlay",
        "type": "github"
      }
    }
  },
  "root": "root",
  "version": 7
}
